
Microsoft Visual Studio Solution File, Format Version 12.00
# Visual Studio Express 2012 for Windows Desktop
Project("{FAE04EC0-301F-11D3-BF4B-00C04F79EFBC}") = "RPSDemoV1", "RPSDemoV1\RPSDemoV1.csproj", "{48A84570-D65E-4DFA-BF3A-40C6BE0F8F68}"
EndProject
Global
	GlobalSection(SolutionConfigurationPlatforms) = preSolution
		Debug|Any CPU = Debug|Any CPU
		Release|Any CPU = Release|Any CPU
	EndGlobalSection
	GlobalSection(ProjectConfigurationPlatforms) = postSolution
		{48A84570-D65E-4DFA-BF3A-40C6BE0F8F68}.Debug|Any CPU.ActiveCfg = Debug|Any CPU
		{48A84570-D65E-4DFA-BF3A-40C6BE0F8F68}.Debug|Any CPU.Build.0 = Debug|Any CPU
		{48A84570-D65E-4DFA-BF3A-40C6BE0F8F68}.Release|Any CPU.ActiveCfg = Release|Any CPU
		{48A84570-D65E-4DFA-BF3A-40C6BE0F8F68}.Release|Any CPU.Build.0 = Release|Any CPU
	EndGlobalSection
	GlobalSection(SolutionProperties) = preSolution
		HideSolutionNode = FALSE
	EndGlobalSection
EndGlobal
